
Microsoft Visual Studio Solution File, Format Version 12.00
# Visual Studio 15
VisualStudioVersion = 15.0.27004.2008
MinimumVisualStudioVersion = 10.0.40219.1
Project("{FAE04EC0-301F-11D3-BF4B-00C04F79EFBC}") = "Tracker.DataService", "Feature\Tracker.DataService\Tracker.DataService.csproj", "{8B27A0A4-5061-439A-A0BB-1FE5CD8D8E30}"
EndProject
Project("{FAE04EC0-301F-11D3-BF4B-00C04F79EFBC}") = "Tracker", "Project\Tracker\Tracker.csproj", "{2A3628D1-C508-4E5A-AD6A-A0A9A6DE4CB0}"
EndProject
Project("{FAE04EC0-301F-11D3-BF4B-00C04F79EFBC}") = "Tracker.SitecoreExtensions", "Feature\Tracker.SitecoreExtensions\Tracker.SitecoreExtensions.csproj", "{B3541833-E4E3-4297-AFD3-BD06B5E45E15}"
EndProject
Project("{FAE04EC0-301F-11D3-BF4B-00C04F79EFBC}") = "Tracker.ProcessingTask", "Feature\Tracker.ProcessingTask\Tracker.ProcessingTask.csproj", "{3722E743-C7F9-45BA-9A8D-F1CCA946723F}"
EndProject
Project("{2150E333-8FDC-42A3-9474-1A3956D46DE8}") = "Feature", "Feature", "{9B2A1585-9AB6-40FD-A96D-C7BADE581C4A}"
EndProject
Project("{2150E333-8FDC-42A3-9474-1A3956D46DE8}") = "Project", "Project", "{03EA94D0-44CC-4905-96BA-B85FD9686A33}"
EndProject
Project("{2150E333-8FDC-42A3-9474-1A3956D46DE8}") = "Foundation", "Foundation", "{3C6D2A12-D649-427B-86B9-00AD3B1ECE02}"
EndProject
Global
	GlobalSection(SolutionConfigurationPlatforms) = preSolution
		Debug|Any CPU = Debug|Any CPU
		Release|Any CPU = Release|Any CPU
	EndGlobalSection
	GlobalSection(ProjectConfigurationPlatforms) = postSolution
		{8B27A0A4-5061-439A-A0BB-1FE5CD8D8E30}.Debug|Any CPU.ActiveCfg = Debug|Any CPU
		{8B27A0A4-5061-439A-A0BB-1FE5CD8D8E30}.Debug|Any CPU.Build.0 = Debug|Any CPU
		{8B27A0A4-5061-439A-A0BB-1FE5CD8D8E30}.Release|Any CPU.ActiveCfg = Release|Any CPU
		{8B27A0A4-5061-439A-A0BB-1FE5CD8D8E30}.Release|Any CPU.Build.0 = Release|Any CPU
		{2A3628D1-C508-4E5A-AD6A-A0A9A6DE4CB0}.Debug|Any CPU.ActiveCfg = Debug|Any CPU
		{2A3628D1-C508-4E5A-AD6A-A0A9A6DE4CB0}.Debug|Any CPU.Build.0 = Debug|Any CPU
		{2A3628D1-C508-4E5A-AD6A-A0A9A6DE4CB0}.Release|Any CPU.ActiveCfg = Release|Any CPU
		{2A3628D1-C508-4E5A-AD6A-A0A9A6DE4CB0}.Release|Any CPU.Build.0 = Release|Any CPU
		{B3541833-E4E3-4297-AFD3-BD06B5E45E15}.Debug|Any CPU.ActiveCfg = Debug|Any CPU
		{B3541833-E4E3-4297-AFD3-BD06B5E45E15}.Debug|Any CPU.Build.0 = Debug|Any CPU
		{B3541833-E4E3-4297-AFD3-BD06B5E45E15}.Release|Any CPU.ActiveCfg = Release|Any CPU
		{B3541833-E4E3-4297-AFD3-BD06B5E45E15}.Release|Any CPU.Build.0 = Release|Any CPU
		{3722E743-C7F9-45BA-9A8D-F1CCA946723F}.Debug|Any CPU.ActiveCfg = Debug|Any CPU
		{3722E743-C7F9-45BA-9A8D-F1CCA946723F}.Debug|Any CPU.Build.0 = Debug|Any CPU
		{3722E743-C7F9-45BA-9A8D-F1CCA946723F}.Release|Any CPU.ActiveCfg = Release|Any CPU
		{3722E743-C7F9-45BA-9A8D-F1CCA946723F}.Release|Any CPU.Build.0 = Release|Any CPU
	EndGlobalSection
	GlobalSection(SolutionProperties) = preSolution
		HideSolutionNode = FALSE
	EndGlobalSection
	GlobalSection(NestedProjects) = preSolution
		{8B27A0A4-5061-439A-A0BB-1FE5CD8D8E30} = {9B2A1585-9AB6-40FD-A96D-C7BADE581C4A}
		{2A3628D1-C508-4E5A-AD6A-A0A9A6DE4CB0} = {03EA94D0-44CC-4905-96BA-B85FD9686A33}
		{B3541833-E4E3-4297-AFD3-BD06B5E45E15} = {9B2A1585-9AB6-40FD-A96D-C7BADE581C4A}
		{3722E743-C7F9-45BA-9A8D-F1CCA946723F} = {9B2A1585-9AB6-40FD-A96D-C7BADE581C4A}
	EndGlobalSection
	GlobalSection(ExtensibilityGlobals) = postSolution
		EnterpriseLibraryConfigurationToolBinariesPathV6 = packages\EnterpriseLibrary.Common.6.0.1304.0\lib\NET45;packages\EnterpriseLibrary.TransientFaultHandling.6.0.1304.0\lib\portable-net45+win+wp8;packages\EnterpriseLibrary.TransientFaultHandling.Caching.6.0.1304.0\lib\NET45;packages\EnterpriseLibrary.TransientFaultHandling.Data.6.0.1304.1\lib\NET45;packages\EnterpriseLibrary.TransientFaultHandling.ServiceBus.6.0.1304.0\lib\NET45;packages\EnterpriseLibrary.TransientFaultHandling.WindowsAzure.Storage.6.0.1304.0\lib\NET45;packages\EnterpriseLibrary.TransientFaultHandling.Configuration.6.0.1304.0\lib\NET45
		SolutionGuid = {8FEB8DA7-BC4A-4F11-9F3E-766EC5CED080}
	EndGlobalSection
EndGlobal
